Microsoft Visual Studio Solution File, Format Version 12.00
# Visual Studio 2012
Project("{FAE04EC0-301F-11D3-BF4B-00C04F79EFBC}") = "new app", "new app.csproj", "{9BCDBC74-EFE3-431A-AE35-DA51668CBC29}"
EndProject
Global
	GlobalSection(SolutionConfigurationPlatforms) = preSolution
	Debug|Any CPU = Debug|Any CPU
	ExportDebug|Any CPU = ExportDebug|Any CPU
	ExportRelease|Any CPU = ExportRelease|Any CPU
	EndGlobalSection
	GlobalSection(ProjectConfigurationPlatforms) = postSolution
		{9BCDBC74-EFE3-431A-AE35-DA51668CBC29}.Debug|Any CPU.ActiveCfg = Debug|Any CPU
		{9BCDBC74-EFE3-431A-AE35-DA51668CBC29}.Debug|Any CPU.Build.0 = Debug|Any CPU
		{9BCDBC74-EFE3-431A-AE35-DA51668CBC29}.ExportDebug|Any CPU.ActiveCfg = ExportDebug|Any CPU
		{9BCDBC74-EFE3-431A-AE35-DA51668CBC29}.ExportDebug|Any CPU.Build.0 = ExportDebug|Any CPU
		{9BCDBC74-EFE3-431A-AE35-DA51668CBC29}.ExportRelease|Any CPU.ActiveCfg = ExportRelease|Any CPU
		{9BCDBC74-EFE3-431A-AE35-DA51668CBC29}.ExportRelease|Any CPU.Build.0 = ExportRelease|Any CPU
	EndGlobalSection
EndGlobal
